// !$*UTF8*$!
{
	archiveVersion = 1;
	classes = {
	};
	objectVersion = 50;
	objects = {

/* Begin PBXBuildFile section */
		A5231B7021A8023600463AE4 /* AppDelegate.swift in Sources */ = {isa = PBXBuildFile; fileRef = A5231B6F21A8023600463AE4 /* AppDelegate.swift */; };
		A5231B7221A8023600463AE4 /* ViewController.swift in Sources */ = {isa = PBXBuildFile; fileRef = A5231B7121A8023600463AE4 /* ViewController.swift */; };
		A5231B7521A8023600463AE4 /* Main.storyboard in Resources */ = {isa = PBXBuildFile; fileRef = A5231B7321A8023600463AE4 /* Main.storyboard */; };
		A5231B7821A8023600463AE4 /* TestBarGraph.xcdatamodeld in Sources */ = {isa = PBXBuildFile; fileRef = A5231B7621A8023600463AE4 /* TestBarGraph.xcdatamodeld */; };
		A5231B7A21A8023900463AE4 /* Assets.xcassets in Resources */ = {isa = PBXBuildFile; fileRef = A5231B7921A8023900463AE4 /* Assets.xcassets */; };
		A5231B7D21A8023900463AE4 /* LaunchScreen.storyboard in Resources */ = {isa = PBXBuildFile; fileRef = A5231B7B21A8023900463AE4 /* LaunchScreen.storyboard */; };
		A5231B8821A8023900463AE4 /* TestBarGraphTests.swift in Sources */ = {isa = PBXBuildFile; fileRef = A5231B8721A8023900463AE4 /* TestBarGraphTests.swift */; };
		A5231B9321A8023900463AE4 /* TestBarGraphUITests.swift in Sources */ = {isa = PBXBuildFile; fileRef = A5231B9221A8023900463AE4 /* TestBarGraphUITests.swift */; };
		A5231BA121A8032200463AE4 /* BarCell.swift in Sources */ = {isa = PBXBuildFile; fileRef = A5231BA021A8032200463AE4 /* BarCell.swift */; };
/* End PBXBuildFile section */

/* Begin PBXContainerItemProxy section */
		A5231B8421A8023900463AE4 /* PBXContainerItemProxy */ = {
			isa = PBXContainerItemProxy;
			containerPortal = A5231B6421A8023500463AE4 /* Project object */;
			proxyType = 1;
			remoteGlobalIDString = A5231B6B21A8023500463AE4;
			remoteInfo = TestBarGraph;
		};
		A5231B8F21A8023900463AE4 /* PBXContainerItemProxy */ = {
			isa = PBXContainerItemProxy;
			containerPortal = A5231B6421A8023500463AE4 /* Project object */;
			proxyType = 1;
			remoteGlobalIDString = A5231B6B21A8023500463AE4;
			remoteInfo = TestBarGraph;
		};
/* End PBXContainerItemProxy section */

/* Begin PBXFileReference section */
		A5231B6C21A8023500463AE4 /* TestBarGraph.app */ = {isa = PBXFileReference; explicitFileType = wrapper.application; includeInIndex = 0; path = TestBarGraph.app; sourceTree = BUILT_PRODUCTS_DIR; };
		A5231B6F21A8023600463AE4 /* AppDelegate.swift */ = {isa = PBXFileReference; lastKnownFileType = sourcecode.swift; path = AppDelegate.swift; sourceTree = "<group>"; };
		A5231B7121A8023600463AE4 /* ViewController.swift */ = {isa = PBXFileReference; lastKnownFileType = sourcecode.swift; path = ViewController.swift; sourceTree = "<group>"; };
		A5231B7421A8023600463AE4 /* Base */ = {isa = PBXFileReference; lastKnownFileType = file.storyboard; name = Base; path = Base.lproj/Main.storyboard; sourceTree = "<group>"; };
		A5231B7721A8023600463AE4 /* TestBarGraph.xcdatamodel */ = {isa = PBXFileReference; lastKnownFileType = wrapper.xcdatamodel; path = TestBarGraph.xcdatamodel; sourceTree = "<group>"; };
		A5231B7921A8023900463AE4 /* Assets.xcassets */ = {isa = PBXFileReference; lastKnownFileType = folder.assetcatalog; path = Assets.xcassets; sourceTree = "<group>"; };
		A5231B7C21A8023900463AE4 /* Base */ = {isa = PBXFileReference; lastKnownFileType = file.storyboard; name = Base; path = Base.lproj/LaunchScreen.storyboard; sourceTree = "<group>"; };
		A5231B7E21A8023900463AE4 /* Info.plist */ = {isa = PBXFileReference; lastKnownFileType = text.plist.xml; path = Info.plist; sourceTree = "<group>"; };
		A5231B8321A8023900463AE4 /* TestBarGraphTests.xctest */ = {isa = PBXFileReference; explicitFileType = wrapper.cfbundle; includeInIndex = 0; path = TestBarGraphTests.xctest; sourceTree = BUILT_PRODUCTS_DIR; };
		A5231B8721A8023900463AE4 /* TestBarGraphTests.swift */ = {isa = PBXFileReference; lastKnownFileType = sourcecode.swift; path = TestBarGraphTests.swift; sourceTree = "<group>"; };
		A5231B8921A8023900463AE4 /* Info.plist */ = {isa = PBXFileReference; lastKnownFileType = text.plist.xml; path = Info.plist; sourceTree = "<group>"; };
		A5231B8E21A8023900463AE4 /* TestBarGraphUITests.xctest */ = {isa = PBXFileReference; explicitFileType = wrapper.cfbundle; includeInIndex = 0; path = TestBarGraphUITests.xctest; sourceTree = BUILT_PRODUCTS_DIR; };
		A5231B9221A8023900463AE4 /* TestBarGraphUITests.swift */ = {isa = PBXFileReference; lastKnownFileType = sourcecode.swift; path = TestBarGraphUITests.swift; sourceTree = "<group>"; };
		A5231B9421A8023900463AE4 /* Info.plist */ = {isa = PBXFileReference; lastKnownFileType = text.plist.xml; path = Info.plist; sourceTree = "<group>"; };
		A5231BA021A8032200463AE4 /* BarCell.swift */ = {isa = PBXFileReference; lastKnownFileType = sourcecode.swift; path = BarCell.swift; sourceTree = "<group>"; };
/* End PBXFileReference section */

/* Begin PBXFrameworksBuildPhase section */
		A5231B6921A8023500463AE4 /* Frameworks */ = {
			isa = PBXFrameworksBuildPhase;
			buildActionMask = 2147483647;
			files = (
			);
			runOnlyForDeploymentPostprocessing = 0;
		};
		A5231B8021A8023900463AE4 /* Frameworks */ = {
			isa = PBXFrameworksBuildPhase;
			buildActionMask = 2147483647;
			files = (
			);
			runOnlyForDeploymentPostprocessing = 0;
		};
		A5231B8B21A8023900463AE4 /* Frameworks */ = {
			isa = PBXFrameworksBuildPhase;
			buildActionMask = 2147483647;
			files = (
			);
			runOnlyForDeploymentPostprocessing = 0;
		};
/* End PBXFrameworksBuildPhase section */

/* Begin PBXGroup section */
		A5231B6321A8023500463AE4 = {
			isa = PBXGroup;
			children = (
				A5231B6E21A8023600463AE4 /* TestBarGraph */,
				A5231B8621A8023900463AE4 /* TestBarGraphTests */,
				A5231B9121A8023900463AE4 /* TestBarGraphUITests */,
				A5231B6D21A8023500463AE4 /* Products */,
			);
			sourceTree = "<group>";
		};
		A5231B6D21A8023500463AE4 /* Products */ = {
			isa = PBXGroup;
			children = (
				A5231B6C21A8023500463AE4 /* TestBarGraph.app */,
				A5231B8321A8023900463AE4 /* TestBarGraphTests.xctest */,
				A5231B8E21A8023900463AE4 /* TestBarGraphUITests.xctest */,
			);
			name = Products;
			sourceTree = "<group>";
		};
		A5231B6E21A8023600463AE4 /* TestBarGraph */ = {
			isa = PBXGroup;
			children = (
				A5231B6F21A8023600463AE4 /* AppDelegate.swift */,
				A5231B7121A8023600463AE4 /* ViewController.swift */,
				A5231BA021A8032200463AE4 /* BarCell.swift */,
				A5231B7321A8023600463AE4 /* Main.storyboard */,
				A5231B7921A8023900463AE4 /* Assets.xcassets */,
				A5231B7B21A8023900463AE4 /* LaunchScreen.storyboard */,
				A5231B7E21A8023900463AE4 /* Info.plist */,
				A5231B7621A8023600463AE4 /* TestBarGraph.xcdatamodeld */,
			);
			path = TestBarGraph;
			sourceTree = "<group>";
		};
		A5231B8621A8023900463AE4 /* TestBarGraphTests */ = {
			isa = PBXGroup;
			children = (
				A5231B8721A8023900463AE4 /* TestBarGraphTests.swift */,
				A5231B8921A8023900463AE4 /* Info.plist */,
			);
			path = TestBarGraphTests;
			sourceTree = "<group>";
		};
		A5231B9121A8023900463AE4 /* TestBarGraphUITests */ = {
			isa = PBXGroup;
			children = (
				A5231B9221A8023900463AE4 /* TestBarGraphUITests.swift */,
				A5231B9421A8023900463AE4 /* Info.plist */,
			);
			path = TestBarGraphUITests;
			sourceTree = "<group>";
		};
/* End PBXGroup section */

/* Begin PBXNativeTarget section */
		A5231B6B21A8023500463AE4 /* TestBarGraph */ = {
			isa = PBXNativeTarget;
			buildConfigurationList = A5231B9721A8023900463AE4 /* Build configuration list for PBXNativeTarget "TestBarGraph" */;
			buildPhases = (
				A5231B6821A8023500463AE4 /* Sources */,
				A5231B6921A8023500463AE4 /* Frameworks */,
				A5231B6A21A8023500463AE4 /* Resources */,
			);
			buildRules = (
			);
			dependencies = (
			);
			name = TestBarGraph;
			productName = TestBarGraph;
			productReference = A5231B6C21A8023500463AE4 /* TestBarGraph.app */;
			productType = "com.apple.product-type.application";
		};
		A5231B8221A8023900463AE4 /* TestBarGraphTests */ = {
			isa = PBXNativeTarget;
			buildConfigurationList = A5231B9A21A8023900463AE4 /* Build configuration list for PBXNativeTarget "TestBarGraphTests" */;
			buildPhases = (
				A5231B7F21A8023900463AE4 /* Sources */,
				A5231B8021A8023900463AE4 /* Frameworks */,
				A5231B8121A8023900463AE4 /* Resources */,
			);
			buildRules = (
			);
			dependencies = (
				A5231B8521A8023900463AE4 /* PBXTargetDependency */,
			);
			name = TestBarGraphTests;
			productName = TestBarGraphTests;
			productReference = A5231B8321A8023900463AE4 /* TestBarGraphTests.xctest */;
			productType = "com.apple.product-type.bundle.unit-test";
		};
		A5231B8D21A8023900463AE4 /* TestBarGraphUITests */ = {
			isa = PBXNativeTarget;
			buildConfigurationList = A5231B9D21A8023900463AE4 /* Build configuration list for PBXNativeTarget "TestBarGraphUITests" */;
			buildPhases = (
				A5231B8A21A8023900463AE4 /* Sources */,
				A5231B8B21A8023900463AE4 /* Frameworks */,
				A5231B8C21A8023900463AE4 /* Resources */,
			);
			buildRules = (
			);
			dependencies = (
				A5231B9021A8023900463AE4 /* PBXTargetDependency */,
			);
			name = TestBarGraphUITests;
			productName = TestBarGraphUITests;
			productReference = A5231B8E21A8023900463AE4 /* TestBarGraphUITests.xctest */;
			productType = "com.apple.product-type.bundle.ui-testing";
		};
/* End PBXNativeTarget section */

/* Begin PBXProject section */
		A5231B6421A8023500463AE4 /* Project object */ = {
			isa = PBXProject;
			attributes = {
				LastSwiftUpdateCheck = 1000;
				LastUpgradeCheck = 1000;
				ORGANIZATIONNAME = Vaishak.Iyer;
				TargetAttributes = {
					A5231B6B21A8023500463AE4 = {
						CreatedOnToolsVersion = 10.0;
					};
					A5231B8221A8023900463AE4 = {
						CreatedOnToolsVersion = 10.0;
						TestTargetID = A5231B6B21A8023500463AE4;
					};
					A5231B8D21A8023900463AE4 = {
						CreatedOnToolsVersion = 10.0;
						TestTargetID = A5231B6B21A8023500463AE4;
					};
				};
			};
			buildConfigurationList = A5231B6721A8023500463AE4 /* Build configuration list for PBXProject "TestBarGraph" */;
			compatibilityVersion = "Xcode 9.3";
			developmentRegion = en;
			hasScannedForEncodings = 0;
			knownRegions = (
				en,
				Base,
			);
			mainGroup = A5231B6321A8023500463AE4;
			productRefGroup = A5231B6D21A8023500463AE4 /* Products */;
			projectDirPath = "";
			projectRoot = "";
			targets = (
				A5231B6B21A8023500463AE4 /* TestBarGraph */,
				A5231B8221A8023900463AE4 /* TestBarGraphTests */,
				A5231B8D21A8023900463AE4 /* TestBarGraphUITests */,
			);
		};
/* End PBXProject section */

/* Begin PBXResourcesBuildPhase section */
		A5231B6A21A8023500463AE4 /* Resources */ = {
			isa = PBXResourcesBuildPhase;
			buildActionMask = 2147483647;
			files = (
				A5231B7D21A8023900463AE4 /* LaunchScreen.storyboard in Resources */,
				A5231B7A21A8023900463AE4 /* Assets.xcassets in Resources */,
				A5231B7521A8023600463AE4 /* Main.storyboard in Resources */,
			);
			runOnlyForDeploymentPostprocessing = 0;
		};
		A5231B8121A8023900463AE4 /* Resources */ = {
			isa = PBXResourcesBuildPhase;
			buildActionMask = 2147483647;
			files = (
			);
			runOnlyForDeploymentPostprocessing = 0;
		};
		A5231B8C21A8023900463AE4 /* Resources */ = {
			isa = PBXResourcesBuildPhase;
			buildActionMask = 2147483647;
			files = (
			);
			runOnlyForDeploymentPostprocessing = 0;
		};
/* End PBXResourcesBuildPhase section */

/* Begin PBXSourcesBuildPhase section */
		A5231B6821A8023500463AE4 /* Sources */ = {
			isa = PBXSourcesBuildPhase;
			buildActionMask = 2147483647;
			files = (
				A5231B7221A8023600463AE4 /* ViewController.swift in Sources */,
				A5231B7021A8023600463AE4 /* AppDelegate.swift in Sources */,
				A5231B7821A8023600463AE4 /* TestBarGraph.xcdatamodeld in Sources */,
				A5231BA121A8032200463AE4 /* BarCell.swift in Sources */,
			);
			runOnlyForDeploymentPostprocessing = 0;
		};
		A5231B7F21A8023900463AE4 /* Sources */ = {
			isa = PBXSourcesBuildPhase;
			buildActionMask = 2147483647;
			files = (
				A5231B8821A8023900463AE4 /* TestBarGraphTests.swift in Sources */,
			);
			runOnlyForDeploymentPostprocessing = 0;
		};
		A5231B8A21A8023900463AE4 /* Sources */ = {
			isa = PBXSourcesBuildPhase;
			buildActionMask = 2147483647;
			files = (
				A5231B9321A8023900463AE4 /* TestBarGraphUITests.swift in Sources */,
			);
			runOnlyForDeploymentPostprocessing = 0;
		};
/* End PBXSourcesBuildPhase section */

/* Begin PBXTargetDependency section */
		A5231B8521A8023900463AE4 /* PBXTargetDependency */ = {
			isa = PBXTargetDependency;
			target = A5231B6B21A8023500463AE4 /* TestBarGraph */;
			targetProxy = A5231B8421A8023900463AE4 /* PBXContainerItemProxy */;
		};
		A5231B9021A8023900463AE4 /* PBXTargetDependency */ = {
			isa = PBXTargetDependency;
			target = A5231B6B21A8023500463AE4 /* TestBarGraph */;
			targetProxy = A5231B8F21A8023900463AE4 /* PBXContainerItemProxy */;
		};
/* End PBXTargetDependency section */

/* Begin PBXVariantGroup section */
		A5231B7321A8023600463AE4 /* Main.storyboard */ = {
			isa = PBXVariantGroup;
			children = (
				A5231B7421A8023600463AE4 /* Base */,
			);
			name = Main.storyboard;
			sourceTree = "<group>";
		};
		A5231B7B21A8023900463AE4 /* LaunchScreen.storyboard */ = {
			isa = PBXVariantGroup;
			children = (
				A5231B7C21A8023900463AE4 /* Base */,
			);
			name = LaunchScreen.storyboard;
			sourceTree = "<group>";
		};
/* End PBXVariantGroup section */

/* Begin XCBuildConfiguration section */
		A5231B9521A8023900463AE4 /* Debug */ = {
			isa = XCBuildConfiguration;
			buildSettings = {
				ALWAYS_SEARCH_USER_PATHS = NO;
				CLANG_ANALYZER_NONNULL = YES;
				CLANG_ANALYZER_NUMBER_OBJECT_CONVERSION = YES_AGGRESSIVE;
				CLANG_CXX_LANGUAGE_STANDARD = "gnu++14";
				CLANG_CXX_LIBRARY = "libc++";
				CLANG_ENABLE_MODULES = YES;
				CLANG_ENABLE_OBJC_ARC = YES;
				CLANG_ENABLE_OBJC_WEAK = YES;
				CLANG_WARN_BLOCK_CAPTURE_AUTORELEASING = YES;
				CLANG_WARN_BOOL_CONVERSION = YES;
				CLANG_WARN_COMMA = YES;
				CLANG_WARN_CONSTANT_CONVERSION = YES;
				CLANG_WARN_DEPRECATED_OBJC_IMPLEMENTATIONS = YES;
				CLANG_WARN_DIRECT_OBJC_ISA_USAGE = YES_ERROR;
				CLANG_WARN_DOCUMENTATION_COMMENTS = YES;
				CLANG_WARN_EMPTY_BODY = YES;
				CLANG_WARN_ENUM_CONVERSION = YES;
				CLANG_WARN_INFINITE_RECURSION = YES;
				CLANG_WARN_INT_CONVERSION = YES;
				CLANG_WARN_NON_LITERAL_NULL_CONVERSION = YES;
				CLANG_WARN_OBJC_IMPLICIT_RETAIN_SELF = YES;
				CLANG_WARN_OBJC_LITERAL_CONVERSION = YES;
				CLANG_WARN_OBJC_ROOT_CLASS = YES_ERROR;
				CLANG_WARN_RANGE_LOOP_ANALYSIS = YES;
				CLANG_WARN_STRICT_PROTOTYPES = YES;
				CLANG_WARN_SUSPICIOUS_MOVE = YES;
				CLANG_WARN_UNGUARDED_AVAILABILITY = YES_AGGRESSIVE;
				CLANG_WARN_UNREACHABLE_CODE = YES;
				CLANG_WARN__DUPLICATE_METHOD_MATCH = YES;
				CODE_SIGN_IDENTITY = "iPhone Developer";
				COPY_PHASE_STRIP = NO;
				DEBUG_INFORMATION_FORMAT = dwarf;
				ENABLE_STRICT_OBJC_MSGSEND = YES;
				ENABLE_TESTABILITY = YES;
				GCC_C_LANGUAGE_STANDARD = gnu11;
				GCC_DYNAMIC_NO_PIC = NO;
				GCC_NO_COMMON_BLOCKS = YES;
				GCC_OPTIMIZATION_LEVEL = 0;
				GCC_PREPROCESSOR_DEFINITIONS = (
					"DEBUG=1",
					"$(inherited)",
				);
				GCC_WARN_64_TO_32_BIT_CONVERSION = YES;
				GCC_WARN_ABOUT_RETURN_TYPE = YES_ERROR;
				GCC_WARN_UNDECLARED_SELECTOR = YES;
				GCC_WARN_UNINITIALIZED_AUTOS = YES_AGGRESSIVE;
				GCC_WARN_UNUSED_FUNCTION = YES;
				GCC_WARN_UNUSED_VARIABLE = YES;
				IPHONEOS_DEPLOYMENT_TARGET = 12.0;
				MTL_ENABLE_DEBUG_INFO = INCLUDE_SOURCE;
				MTL_FAST_MATH = YES;
				ONLY_ACTIVE_ARCH = YES;
				SDKROOT = iphoneos;
				SWIFT_ACTIVE_COMPILATION_CONDITIONS = DEBUG;
				SWIFT_OPTIMIZATION_LEVEL = "-Onone";
			};
			name = Debug;
		};
		A5231B9621A8023900463AE4 /* Release */ = {
			isa = XCBuildConfiguration;
			buildSettings = {
				ALWAYS_SEARCH_USER_PATHS = NO;
				CLANG_ANALYZER_NONNULL = YES;
				CLANG_ANALYZER_NUMBER_OBJECT_CONVERSION = YES_AGGRESSIVE;
				CLANG_CXX_LANGUAGE_STANDARD = "gnu++14";
				CLANG_CXX_LIBRARY = "libc++";
				CLANG_ENABLE_MODULES = YES;
				CLANG_ENABLE_OBJC_ARC = YES;
				CLANG_ENABLE_OBJC_WEAK = YES;
				CLANG_WARN_BLOCK_CAPTURE_AUTORELEASING = YES;
				CLANG_WARN_BOOL_CONVERSION = YES;
				CLANG_WARN_COMMA = YES;
				CLANG_WARN_CONSTANT_CONVERSION = YES;
				CLANG_WARN_DEPRECATED_OBJC_IMPLEMENTATIONS = YES;
				CLANG_WARN_DIRECT_OBJC_ISA_USAGE = YES_ERROR;
				CLANG_WARN_DOCUMENTATION_COMMENTS = YES;
				CLANG_WARN_EMPTY_BODY = YES;
				CLANG_WARN_ENUM_CONVERSION = YES;
				CLANG_WARN_INFINITE_RECURSION = YES;
				CLANG_WARN_INT_CONVERSION = YES;
				CLANG_WARN_NON_LITERAL_NULL_CONVERSION = YES;
				CLANG_WARN_OBJC_IMPLICIT_RETAIN_SELF = YES;
				CLANG_WARN_OBJC_LITERAL_CONVERSION = YES;
				CLANG_WARN_OBJC_ROOT_CLASS = YES_ERROR;
				CLANG_WARN_RANGE_LOOP_ANALYSIS = YES;
				CLANG_WARN_STRICT_PROTOTYPES = YES;
				CLANG_WARN_SUSPICIOUS_MOVE = YES;
				CLANG_WARN_UNGUARDED_AVAILABILITY = YES_AGGRESSIVE;
				CLANG_WARN_UNREACHABLE_CODE = YES;
				CLANG_WARN__DUPLICATE_METHOD_MATCH = YES;
				CODE_SIGN_IDENTITY = "iPhone Developer";
				COPY_PHASE_STRIP = NO;
				DEBUG_INFORMATION_FORMAT = "dwarf-with-dsym";
				ENABLE_NS_ASSERTIONS = NO;
				ENABLE_STRICT_OBJC_MSGSEND = YES;
				GCC_C_LANGUAGE_STANDARD = gnu11;
				GCC_NO_COMMON_BLOCKS = YES;
				GCC_WARN_64_TO_32_BIT_CONVERSION = YES;
				GCC_WARN_ABOUT_RETURN_TYPE = YES_ERROR;
				GCC_WARN_UNDECLARED_SELECTOR = YES;
				GCC_WARN_UNINITIALIZED_AUTOS = YES_AGGRESSIVE;
				GCC_WARN_UNUSED_FUNCTION = YES;
				GCC_WARN_UNUSED_VARIABLE = YES;
				IPHONEOS_DEPLOYMENT_TARGET = 12.0;
				MTL_ENABLE_DEBUG_INFO = NO;
				MTL_FAST_MATH = YES;
				SDKROOT = iphoneos;
				SWIFT_COMPILATION_MODE = wholemodule;
				SWIFT_OPTIMIZATION_LEVEL = "-O";
				VALIDATE_PRODUCT = YES;
			};
			name = Release;
		};
		A5231B9821A8023900463AE4 /* Debug */ = {
			isa = XCBuildConfiguration;
			buildSettings = {
				ASSETCATALOG_COMPILER_APPICON_NAME = AppIcon;
				CODE_SIGN_STYLE = Automatic;
				DEVELOPMENT_TEAM = KXX5V299J5;
				INFOPLIST_FILE = TestBarGraph/Info.plist;
				LD_RUNPATH_SEARCH_PATHS = (
					"$(inherited)",
					"@executable_path/Frameworks",
				);
				PRODUCT_BUNDLE_IDENTIFIER = BarGraph.TestBarGraph;
				PRODUCT_NAME = "$(TARGET_NAME)";
				SWIFT_VERSION = 4.2;
				TARGETED_DEVICE_FAMILY = "1,2";
			};
			name = Debug;
		};
		A5231B9921A8023900463AE4 /* Release */ = {
			isa = XCBuildConfiguration;
			buildSettings = {
				ASSETCATALOG_COMPILER_APPICON_NAME = AppIcon;
				CODE_SIGN_STYLE = Automatic;
				DEVELOPMENT_TEAM = KXX5V299J5;
				INFOPLIST_FILE = TestBarGraph/Info.plist;
				LD_RUNPATH_SEARCH_PATHS = (
					"$(inherited)",
					"@executable_path/Frameworks",
				);
				PRODUCT_BUNDLE_IDENTIFIER = BarGraph.TestBarGraph;
				PRODUCT_NAME = "$(TARGET_NAME)";
				SWIFT_VERSION = 4.2;
				TARGETED_DEVICE_FAMILY = "1,2";
			};
			name = Release;
		};
		A5231B9B21A8023900463AE4 /* Debug */ = {
			isa = XCBuildConfiguration;
			buildSettings = {
				ALWAYS_EMBED_SWIFT_STANDARD_LIBRARIES = YES;
				BUNDLE_LOADER = "$(TEST_HOST)";
				CODE_SIGN_STYLE = Automatic;
				INFOPLIST_FILE = TestBarGraphTests/Info.plist;
				LD_RUNPATH_SEARCH_PATHS = (
					"$(inherited)",
					"@executable_path/Frameworks",
					"@loader_path/Frameworks",
				);
				PRODUCT_BUNDLE_IDENTIFIER = BarGraph.TestBarGraphTests;
				PRODUCT_NAME = "$(TARGET_NAME)";
				SWIFT_VERSION = 4.2;
				TARGETED_DEVICE_FAMILY = "1,2";
				TEST_HOST = "$(BUILT_PRODUCTS_DIR)/TestBarGraph.app/TestBarGraph";
			};
			name = Debug;
		};
		A5231B9C21A8023900463AE4 /* Release */ = {
			isa = XCBuildConfiguration;
			buildSettings = {
				ALWAYS_EMBED_SWIFT_STANDARD_LIBRARIES = YES;
				BUNDLE_LOADER = "$(TEST_HOST)";
				CODE_SIGN_STYLE = Automatic;
				INFOPLIST_FILE = TestBarGraphTests/Info.plist;
				LD_RUNPATH_SEARCH_PATHS = (
					"$(inherited)",
					"@executable_path/Frameworks",
					"@loader_path/Frameworks",
				);
				PRODUCT_BUNDLE_IDENTIFIER = BarGraph.TestBarGraphTests;
				PRODUCT_NAME = "$(TARGET_NAME)";
				SWIFT_VERSION = 4.2;
				TARGETED_DEVICE_FAMILY = "1,2";
				TEST_HOST = "$(BUILT_PRODUCTS_DIR)/TestBarGraph.app/TestBarGraph";
			};
			name = Release;
		};
		A5231B9E21A8023900463AE4 /* Debug */ = {
			isa = XCBuildConfiguration;
			buildSettings = {
				ALWAYS_EMBED_SWIFT_STANDARD_LIBRARIES = YES;
				CODE_SIGN_STYLE = Automatic;
				INFOPLIST_FILE = TestBarGraphUITests/Info.plist;
				LD_RUNPATH_SEARCH_PATHS = (
					"$(inherited)",
					"@executable_path/Frameworks",
					"@loader_path/Frameworks",
				);
				PRODUCT_BUNDLE_IDENTIFIER = BarGraph.TestBarGraphUITests;
				PRODUCT_NAME = "$(TARGET_NAME)";
				SWIFT_VERSION = 4.2;
				TARGETED_DEVICE_FAMILY = "1,2";
				TEST_TARGET_NAME = TestBarGraph;
			};
			name = Debug;
		};
		A5231B9F21A8023900463AE4 /* Release */ = {
			isa = XCBuildConfiguration;
			buildSettings = {
				ALWAYS_EMBED_SWIFT_STANDARD_LIBRARIES = YES;
				CODE_SIGN_STYLE = Automatic;
				INFOPLIST_FILE = TestBarGraphUITests/Info.plist;
				LD_RUNPATH_SEARCH_PATHS = (
					"$(inherited)",
					"@executable_path/Frameworks",
					"@loader_path/Frameworks",
				);
				PRODUCT_BUNDLE_IDENTIFIER = BarGraph.TestBarGraphUITests;
				PRODUCT_NAME = "$(TARGET_NAME)";
				SWIFT_VERSION = 4.2;
				TARGETED_DEVICE_FAMILY = "1,2";
				TEST_TARGET_NAME = TestBarGraph;
			};
			name = Release;
		};
/* End XCBuildConfiguration section */

/* Begin XCConfigurationList section */
		A5231B6721A8023500463AE4 /* Build configuration list for PBXProject "TestBarGraph" */ = {
			isa = XCConfigurationList;
			buildConfigurations = (
				A5231B9521A8023900463AE4 /* Debug */,
				A5231B9621A8023900463AE4 /* Release */,
			);
			defaultConfigurationIsVisible = 0;
			defaultConfigurationName = Release;
		};
		A5231B9721A8023900463AE4 /* Build configuration list for PBXNativeTarget "TestBarGraph" */ = {
			isa = XCConfigurationList;
			buildConfigurations = (
				A5231B9821A8023900463AE4 /* Debug */,
				A5231B9921A8023900463AE4 /* Release */,
			);
			defaultConfigurationIsVisible = 0;
			defaultConfigurationName = Release;
		};
		A5231B9A21A8023900463AE4 /* Build configuration list for PBXNativeTarget "TestBarGraphTests" */ = {
			isa = XCConfigurationList;
			buildConfigurations = (
				A5231B9B21A8023900463AE4 /* Debug */,
				A5231B9C21A8023900463AE4 /* Release */,
			);
			defaultConfigurationIsVisible = 0;
			defaultConfigurationName = Release;
		};
		A5231B9D21A8023900463AE4 /* Build configuration list for PBXNativeTarget "TestBarGraphUITests" */ = {
			isa = XCConfigurationList;
			buildConfigurations = (
				A5231B9E21A8023900463AE4 /* Debug */,
				A5231B9F21A8023900463AE4 /* Release */,
			);
			defaultConfigurationIsVisible = 0;
			defaultConfigurationName = Release;
		};
/* End XCConfigurationList section */

/* Begin XCVersionGroup section */
		A5231B7621A8023600463AE4 /* TestBarGraph.xcdatamodeld */ = {
			isa = XCVersionGroup;
			children = (
				A5231B7721A8023600463AE4 /* TestBarGraph.xcdatamodel */,
			);
			currentVersion = A5231B7721A8023600463AE4 /* TestBarGraph.xcdatamodel */;
			path = TestBarGraph.xcdatamodeld;
			sourceTree = "<group>";
			versionGroupType = wrapper.xcdatamodel;
		};
/* End XCVersionGroup section */
	};
	rootObject = A5231B6421A8023500463AE4 /* Project object */;
}
